
Microsoft Visual Studio Solution File, Format Version 12.00
# Visual Studio 2013
VisualStudioVersion = 12.0.30723.0
MinimumVisualStudioVersion = 10.0.40219.1
Project("{2150E333-8FDC-42A3-9474-1A3956D46DE8}") = "3.Strategies", "3.Strategies", "{CD53EB85-A31C-4117-B464-71B2690176CB}"
EndProject
Project("{2150E333-8FDC-42A3-9474-1A3956D46DE8}") = "4.Plugins", "4.Plugins", "{1024A213-C728-452A-9384-CBF7C51F0B62}"
EndProject
Project("{2150E333-8FDC-42A3-9474-1A3956D46DE8}") = "1.Libraries", "1.Libraries", "{C13EEF69-01D1-413A-9FB7-33F63FA7074E}"
EndProject
Project("{2150E333-8FDC-42A3-9474-1A3956D46DE8}") = "2.Presentation", "2.Presentation", "{159880EC-F6A0-4CE7-9AB6-876B62470B7A}"
EndProject
Project("{FAE04EC0-301F-11D3-BF4B-00C04F79EFBC}") = "BrnShop.Core", "Libraries\BrnShop.Core\BrnShop.Core.csproj", "{253C5E59-316C-44C8-A8A1-2BC2BD64ADE5}"
EndProject
Project("{FAE04EC0-301F-11D3-BF4B-00C04F79EFBC}") = "BrnShop.Data", "Libraries\BrnShop.Data\BrnShop.Data.csproj", "{FBA18BB0-6644-401C-9833-04EEF2917FA9}"
EndProject
Project("{FAE04EC0-301F-11D3-BF4B-00C04F79EFBC}") = "BrnShop.Services", "Libraries\BrnShop.Services\BrnShop.Services.csproj", "{311C5C3B-2427-4A8E-B623-2BAEB95B1D9E}"
EndProject
Project("{FAE04EC0-301F-11D3-BF4B-00C04F79EFBC}") = "BrnShop.AsynStrategy.ThreadPool", "Strategies\BrnShop.AsynStrategy.ThreadPool\BrnShop.AsynStrategy.ThreadPool.csproj", "{B23BC1C2-C074-4AAF-BDC2-51DE4F7C7800}"
EndProject
Project("{FAE04EC0-301F-11D3-BF4B-00C04F79EFBC}") = "BrnShop.CacheStrategy.AspNet", "Strategies\BrnShop.CacheStrategy.AspNet\BrnShop.CacheStrategy.AspNet.csproj", "{0EDE9D32-FA90-4A42-8407-896E67C41CA6}"
EndProject
Project("{FAE04EC0-301F-11D3-BF4B-00C04F79EFBC}") = "BrnShop.ConfigStrategy.File", "Strategies\BrnShop.ConfigStrategy.File\BrnShop.ConfigStrategy.File.csproj", "{9B7DDE81-DE4B-4443-B007-572C08438C12}"
EndProject
Project("{FAE04EC0-301F-11D3-BF4B-00C04F79EFBC}") = "BrnShop.EmailStrategy.DotNet", "Strategies\BrnShop.EmailStrategy.DotNet\BrnShop.EmailStrategy.DotNet.csproj", "{E367B9D2-CCE3-4B0A-83BB-A0F8694A59D6}"
EndProject
Project("{FAE04EC0-301F-11D3-BF4B-00C04F79EFBC}") = "BrnShop.EventStrategy.Timer", "Strategies\BrnShop.EventStrategy.Timer\BrnShop.EventStrategy.Timer.csproj", "{7ACC158F-1AE8-4DF0-B7E3-73BB25473A0B}"
EndProject
Project("{FAE04EC0-301F-11D3-BF4B-00C04F79EFBC}") = "BrnShop.RDBSStrategy.SqlServer", "Strategies\BrnShop.RDBSStrategy.SqlServer\BrnShop.RDBSStrategy.SqlServer.csproj", "{8CC33971-3145-4B2C-976E-3093126199B3}"
EndProject
Project("{FAE04EC0-301F-11D3-BF4B-00C04F79EFBC}") = "BrnShop.SessionStrategy.AspNetCache", "Strategies\BrnShop.SessionStrategy.AspNetCache\BrnShop.SessionStrategy.AspNetCache.csproj", "{D59E1280-9CC8-4EC6-BF3E-17E8C5C82612}"
EndProject
Project("{FAE04EC0-301F-11D3-BF4B-00C04F79EFBC}") = "BrnShop.Web.Framework", "Presentation\BrnShop.Web.Framework\BrnShop.Web.Framework.csproj", "{BC9FDDF7-958C-4CD9-9068-1F721EEC34C3}"
EndProject
Project("{FAE04EC0-301F-11D3-BF4B-00C04F79EFBC}") = "BrnShop.Web", "Presentation\BrnShop.Web\BrnShop.Web.csproj", "{CCE75BD7-2B6F-4BCF-856A-2447A1BC69A6}"
EndProject
Project("{FAE04EC0-301F-11D3-BF4B-00C04F79EFBC}") = "BrnShop.OAuthPlugin.QQ", "Plugins\BrnShop.OAuthPlugin.QQ\BrnShop.OAuthPlugin.QQ.csproj", "{80443ED7-DB2E-4C18-B7ED-56BA7B141DBF}"
EndProject
Project("{FAE04EC0-301F-11D3-BF4B-00C04F79EFBC}") = "BrnShop.PayPlugin.Alipay", "Plugins\BrnShop.PayPlugin.Alipay\BrnShop.PayPlugin.Alipay.csproj", "{E3608A2B-47B2-41C2-894A-A6824F5FF322}"
EndProject
Project("{FAE04EC0-301F-11D3-BF4B-00C04F79EFBC}") = "BrnShop.PayPlugin.COD", "Plugins\BrnShop.PayPlugin.COD\BrnShop.PayPlugin.COD.csproj", "{D8C72811-C443-4817-BE85-EFB95B02F8FA}"
EndProject
Project("{FAE04EC0-301F-11D3-BF4B-00C04F79EFBC}") = "BrnShop.PayPlugin.EMSRemit", "Plugins\BrnShop.PayPlugin.EMSRemit\BrnShop.PayPlugin.EMSRemit.csproj", "{914DA540-0767-4A41-98C7-313A48D60A88}"
EndProject
Project("{FAE04EC0-301F-11D3-BF4B-00C04F79EFBC}") = "BrnShop.RandomStrategy.BrnShop", "Strategies\BrnShop.RandomStrategy.BrnShop\BrnShop.RandomStrategy.BrnShop.csproj", "{AEEE321A-3398-460E-8E8D-5549A3296710}"
EndProject
Project("{FAE04EC0-301F-11D3-BF4B-00C04F79EFBC}") = "BrnShop.SMSStrategy.BrnShop", "Strategies\BrnShop.SMSStrategy.BrnShop\BrnShop.SMSStrategy.BrnShop.csproj", "{528FB8F9-F516-4523-9F4E-0B33CD128285}"
EndProject
Project("{FAE04EC0-301F-11D3-BF4B-00C04F79EFBC}") = "BrnShop.ShipPlugin.STO", "Plugins\BrnShop.ShipPlugin.STO\BrnShop.ShipPlugin.STO.csproj", "{F477194A-56A3-40E2-8520-BB5D9810C1EF}"
EndProject
Project("{FAE04EC0-301F-11D3-BF4B-00C04F79EFBC}") = "BrnShop.ShipPlugin.ZTO", "Plugins\BrnShop.ShipPlugin.ZTO\BrnShop.ShipPlugin.ZTO.csproj", "{F54E6C74-19F1-49ED-8175-372681AF6EFE}"
EndProject
Project("{FAE04EC0-301F-11D3-BF4B-00C04F79EFBC}") = "BrnShop.ShipPlugin.YTO", "Plugins\BrnShop.ShipPlugin.YTO\BrnShop.ShipPlugin.YTO.csproj", "{B67C94A1-D2B4-40BC-8AC7-0A99490A0898}"
EndProject
Project("{FAE04EC0-301F-11D3-BF4B-00C04F79EFBC}") = "BrnShop.ShipPlugin.SF", "Plugins\BrnShop.ShipPlugin.SF\BrnShop.ShipPlugin.SF.csproj", "{7B16DA6B-051C-4A6B-BB80-AC117EEFA10B}"
EndProject
Project("{FAE04EC0-301F-11D3-BF4B-00C04F79EFBC}") = "BrnShop.PayPlugin.Tenpay", "Plugins\BrnShop.PayPlugin.Tenpay\BrnShop.PayPlugin.Tenpay.csproj", "{765B07A4-AC8A-4E1B-B762-72C3343A8ABD}"
EndProject
Project("{FAE04EC0-301F-11D3-BF4B-00C04F79EFBC}") = "BrnShop.PayPlugin.ChinaBank", "Plugins\BrnShop.PayPlugin.ChinaBank\BrnShop.PayPlugin.ChinaBank.csproj", "{705F2325-3869-47A8-A777-CDDFF0C2F26D}"
EndProject
Project("{FAE04EC0-301F-11D3-BF4B-00C04F79EFBC}") = "BrnShop.Web.Admin", "Presentation\BrnShop.Web\administration\BrnShop.Web.Admin.csproj", "{923861A7-CAC4-4530-ADAB-F1030B78929A}"
EndProject
Project("{FAE04EC0-301F-11D3-BF4B-00C04F79EFBC}") = "BrnShop.CartStrategy.SqlServer", "Strategies\BrnShop.CartStrategy.SqlServer\BrnShop.CartStrategy.SqlServer.csproj", "{4DE39DBE-1CAD-42DC-BEE6-377C0E2FFD3F}"
EndProject
Project("{FAE04EC0-301F-11D3-BF4B-00C04F79EFBC}") = "BrnShop.OrderStrategy.SqlServer", "Strategies\BrnShop.OrderStrategy.SqlServer\BrnShop.OrderStrategy.SqlServer.csproj", "{8F3A3ED7-C833-45AA-9326-13E0FB526141}"
EndProject
Project("{FAE04EC0-301F-11D3-BF4B-00C04F79EFBC}") = "BrnShop.SearchStrategy.SqlServer", "Strategies\BrnShop.SearchStrategy.SqlServer\BrnShop.SearchStrategy.SqlServer.csproj", "{77E7CC18-5C1B-40D5-AD14-7E47109D9534}"
EndProject
Project("{FAE04EC0-301F-11D3-BF4B-00C04F79EFBC}") = "BrnShop.Web.Mobile", "Presentation\BrnShop.Web\mobile\BrnShop.Web.Mobile.csproj", "{47912737-8865-497A-973F-BD208944848A}"
EndProject
Global
	GlobalSection(SolutionConfigurationPlatforms) = preSolution
		Debug|Any CPU = Debug|Any CPU
		Release|Any CPU = Release|Any CPU
	EndGlobalSection
	GlobalSection(ProjectConfigurationPlatforms) = postSolution
		{253C5E59-316C-44C8-A8A1-2BC2BD64ADE5}.Debug|Any CPU.ActiveCfg = Debug|Any CPU
		{253C5E59-316C-44C8-A8A1-2BC2BD64ADE5}.Debug|Any CPU.Build.0 = Debug|Any CPU
		{253C5E59-316C-44C8-A8A1-2BC2BD64ADE5}.Release|Any CPU.ActiveCfg = Release|Any CPU
		{253C5E59-316C-44C8-A8A1-2BC2BD64ADE5}.Release|Any CPU.Build.0 = Release|Any CPU
		{FBA18BB0-6644-401C-9833-04EEF2917FA9}.Debug|Any CPU.ActiveCfg = Debug|Any CPU
		{FBA18BB0-6644-401C-9833-04EEF2917FA9}.Debug|Any CPU.Build.0 = Debug|Any CPU
		{FBA18BB0-6644-401C-9833-04EEF2917FA9}.Release|Any CPU.ActiveCfg = Release|Any CPU
		{FBA18BB0-6644-401C-9833-04EEF2917FA9}.Release|Any CPU.Build.0 = Release|Any CPU
		{311C5C3B-2427-4A8E-B623-2BAEB95B1D9E}.Debug|Any CPU.ActiveCfg = Debug|Any CPU
		{311C5C3B-2427-4A8E-B623-2BAEB95B1D9E}.Debug|Any CPU.Build.0 = Debug|Any CPU
		{311C5C3B-2427-4A8E-B623-2BAEB95B1D9E}.Release|Any CPU.ActiveCfg = Release|Any CPU
		{311C5C3B-2427-4A8E-B623-2BAEB95B1D9E}.Release|Any CPU.Build.0 = Release|Any CPU
		{B23BC1C2-C074-4AAF-BDC2-51DE4F7C7800}.Debug|Any CPU.ActiveCfg = Debug|Any CPU
		{B23BC1C2-C074-4AAF-BDC2-51DE4F7C7800}.Debug|Any CPU.Build.0 = Debug|Any CPU
		{B23BC1C2-C074-4AAF-BDC2-51DE4F7C7800}.Release|Any CPU.ActiveCfg = Release|Any CPU
		{B23BC1C2-C074-4AAF-BDC2-51DE4F7C7800}.Release|Any CPU.Build.0 = Release|Any CPU
		{0EDE9D32-FA90-4A42-8407-896E67C41CA6}.Debug|Any CPU.ActiveCfg = Debug|Any CPU
		{0EDE9D32-FA90-4A42-8407-896E67C41CA6}.Debug|Any CPU.Build.0 = Debug|Any CPU
		{0EDE9D32-FA90-4A42-8407-896E67C41CA6}.Release|Any CPU.ActiveCfg = Release|Any CPU
		{0EDE9D32-FA90-4A42-8407-896E67C41CA6}.Release|Any CPU.Build.0 = Release|Any CPU
		{9B7DDE81-DE4B-4443-B007-572C08438C12}.Debug|Any CPU.ActiveCfg = Debug|Any CPU
		{9B7DDE81-DE4B-4443-B007-572C08438C12}.Debug|Any CPU.Build.0 = Debug|Any CPU
		{9B7DDE81-DE4B-4443-B007-572C08438C12}.Release|Any CPU.ActiveCfg = Release|Any CPU
		{9B7DDE81-DE4B-4443-B007-572C08438C12}.Release|Any CPU.Build.0 = Release|Any CPU
		{E367B9D2-CCE3-4B0A-83BB-A0F8694A59D6}.Debug|Any CPU.ActiveCfg = Debug|Any CPU
		{E367B9D2-CCE3-4B0A-83BB-A0F8694A59D6}.Debug|Any CPU.Build.0 = Debug|Any CPU
		{E367B9D2-CCE3-4B0A-83BB-A0F8694A59D6}.Release|Any CPU.ActiveCfg = Release|Any CPU
		{E367B9D2-CCE3-4B0A-83BB-A0F8694A59D6}.Release|Any CPU.Build.0 = Release|Any CPU
		{7ACC158F-1AE8-4DF0-B7E3-73BB25473A0B}.Debug|Any CPU.ActiveCfg = Debug|Any CPU
		{7ACC158F-1AE8-4DF0-B7E3-73BB25473A0B}.Debug|Any CPU.Build.0 = Debug|Any CPU
		{7ACC158F-1AE8-4DF0-B7E3-73BB25473A0B}.Release|Any CPU.ActiveCfg = Release|Any CPU
		{7ACC158F-1AE8-4DF0-B7E3-73BB25473A0B}.Release|Any CPU.Build.0 = Release|Any CPU
		{8CC33971-3145-4B2C-976E-3093126199B3}.Debug|Any CPU.ActiveCfg = Debug|Any CPU
		{8CC33971-3145-4B2C-976E-3093126199B3}.Debug|Any CPU.Build.0 = Debug|Any CPU
		{8CC33971-3145-4B2C-976E-3093126199B3}.Release|Any CPU.ActiveCfg = Release|Any CPU
		{8CC33971-3145-4B2C-976E-3093126199B3}.Release|Any CPU.Build.0 = Release|Any CPU
		{D59E1280-9CC8-4EC6-BF3E-17E8C5C82612}.Debug|Any CPU.ActiveCfg = Debug|Any CPU
		{D59E1280-9CC8-4EC6-BF3E-17E8C5C82612}.Debug|Any CPU.Build.0 = Debug|Any CPU
		{D59E1280-9CC8-4EC6-BF3E-17E8C5C82612}.Release|Any CPU.ActiveCfg = Release|Any CPU
		{D59E1280-9CC8-4EC6-BF3E-17E8C5C82612}.Release|Any CPU.Build.0 = Release|Any CPU
		{BC9FDDF7-958C-4CD9-9068-1F721EEC34C3}.Debug|Any CPU.ActiveCfg = Debug|Any CPU
		{BC9FDDF7-958C-4CD9-9068-1F721EEC34C3}.Debug|Any CPU.Build.0 = Debug|Any CPU
		{BC9FDDF7-958C-4CD9-9068-1F721EEC34C3}.Release|Any CPU.ActiveCfg = Release|Any CPU
		{BC9FDDF7-958C-4CD9-9068-1F721EEC34C3}.Release|Any CPU.Build.0 = Release|Any CPU
		{CCE75BD7-2B6F-4BCF-856A-2447A1BC69A6}.Debug|Any CPU.ActiveCfg = Debug|Any CPU
		{CCE75BD7-2B6F-4BCF-856A-2447A1BC69A6}.Debug|Any CPU.Build.0 = Debug|Any CPU
		{CCE75BD7-2B6F-4BCF-856A-2447A1BC69A6}.Release|Any CPU.ActiveCfg = Release|Any CPU
		{CCE75BD7-2B6F-4BCF-856A-2447A1BC69A6}.Release|Any CPU.Build.0 = Release|Any CPU
		{80443ED7-DB2E-4C18-B7ED-56BA7B141DBF}.Debug|Any CPU.ActiveCfg = Debug|Any CPU
		{80443ED7-DB2E-4C18-B7ED-56BA7B141DBF}.Debug|Any CPU.Build.0 = Debug|Any CPU
		{80443ED7-DB2E-4C18-B7ED-56BA7B141DBF}.Release|Any CPU.ActiveCfg = Release|Any CPU
		{80443ED7-DB2E-4C18-B7ED-56BA7B141DBF}.Release|Any CPU.Build.0 = Release|Any CPU
		{E3608A2B-47B2-41C2-894A-A6824F5FF322}.Debug|Any CPU.ActiveCfg = Debug|Any CPU
		{E3608A2B-47B2-41C2-894A-A6824F5FF322}.Debug|Any CPU.Build.0 = Debug|Any CPU
		{E3608A2B-47B2-41C2-894A-A6824F5FF322}.Release|Any CPU.ActiveCfg = Release|Any CPU
		{E3608A2B-47B2-41C2-894A-A6824F5FF322}.Release|Any CPU.Build.0 = Release|Any CPU
		{D8C72811-C443-4817-BE85-EFB95B02F8FA}.Debug|Any CPU.ActiveCfg = Debug|Any CPU
		{D8C72811-C443-4817-BE85-EFB95B02F8FA}.Debug|Any CPU.Build.0 = Debug|Any CPU
		{D8C72811-C443-4817-BE85-EFB95B02F8FA}.Release|Any CPU.ActiveCfg = Release|Any CPU
		{D8C72811-C443-4817-BE85-EFB95B02F8FA}.Release|Any CPU.Build.0 = Release|Any CPU
		{914DA540-0767-4A41-98C7-313A48D60A88}.Debug|Any CPU.ActiveCfg = Debug|Any CPU
		{914DA540-0767-4A41-98C7-313A48D60A88}.Debug|Any CPU.Build.0 = Debug|Any CPU
		{914DA540-0767-4A41-98C7-313A48D60A88}.Release|Any CPU.ActiveCfg = Release|Any CPU
		{914DA540-0767-4A41-98C7-313A48D60A88}.Release|Any CPU.Build.0 = Release|Any CPU
		{AEEE321A-3398-460E-8E8D-5549A3296710}.Debug|Any CPU.ActiveCfg = Debug|Any CPU
		{AEEE321A-3398-460E-8E8D-5549A3296710}.Debug|Any CPU.Build.0 = Debug|Any CPU
		{AEEE321A-3398-460E-8E8D-5549A3296710}.Release|Any CPU.ActiveCfg = Release|Any CPU
		{AEEE321A-3398-460E-8E8D-5549A3296710}.Release|Any CPU.Build.0 = Release|Any CPU
		{528FB8F9-F516-4523-9F4E-0B33CD128285}.Debug|Any CPU.ActiveCfg = Debug|Any CPU
		{528FB8F9-F516-4523-9F4E-0B33CD128285}.Debug|Any CPU.Build.0 = Debug|Any CPU
		{528FB8F9-F516-4523-9F4E-0B33CD128285}.Release|Any CPU.ActiveCfg = Release|Any CPU
		{528FB8F9-F516-4523-9F4E-0B33CD128285}.Release|Any CPU.Build.0 = Release|Any CPU
		{F477194A-56A3-40E2-8520-BB5D9810C1EF}.Debug|Any CPU.ActiveCfg = Debug|Any CPU
		{F477194A-56A3-40E2-8520-BB5D9810C1EF}.Debug|Any CPU.Build.0 = Debug|Any CPU
		{F477194A-56A3-40E2-8520-BB5D9810C1EF}.Release|Any CPU.ActiveCfg = Release|Any CPU
		{F477194A-56A3-40E2-8520-BB5D9810C1EF}.Release|Any CPU.Build.0 = Release|Any CPU
		{F54E6C74-19F1-49ED-8175-372681AF6EFE}.Debug|Any CPU.ActiveCfg = Debug|Any CPU
		{F54E6C74-19F1-49ED-8175-372681AF6EFE}.Debug|Any CPU.Build.0 = Debug|Any CPU
		{F54E6C74-19F1-49ED-8175-372681AF6EFE}.Release|Any CPU.ActiveCfg = Release|Any CPU
		{F54E6C74-19F1-49ED-8175-372681AF6EFE}.Release|Any CPU.Build.0 = Release|Any CPU
		{B67C94A1-D2B4-40BC-8AC7-0A99490A0898}.Debug|Any CPU.ActiveCfg = Debug|Any CPU
		{B67C94A1-D2B4-40BC-8AC7-0A99490A0898}.Debug|Any CPU.Build.0 = Debug|Any CPU
		{B67C94A1-D2B4-40BC-8AC7-0A99490A0898}.Release|Any CPU.ActiveCfg = Release|Any CPU
		{B67C94A1-D2B4-40BC-8AC7-0A99490A0898}.Release|Any CPU.Build.0 = Release|Any CPU
		{7B16DA6B-051C-4A6B-BB80-AC117EEFA10B}.Debug|Any CPU.ActiveCfg = Debug|Any CPU
		{7B16DA6B-051C-4A6B-BB80-AC117EEFA10B}.Debug|Any CPU.Build.0 = Debug|Any CPU
		{7B16DA6B-051C-4A6B-BB80-AC117EEFA10B}.Release|Any CPU.ActiveCfg = Release|Any CPU
		{7B16DA6B-051C-4A6B-BB80-AC117EEFA10B}.Release|Any CPU.Build.0 = Release|Any CPU
		{765B07A4-AC8A-4E1B-B762-72C3343A8ABD}.Debug|Any CPU.ActiveCfg = Debug|Any CPU
		{765B07A4-AC8A-4E1B-B762-72C3343A8ABD}.Debug|Any CPU.Build.0 = Debug|Any CPU
		{765B07A4-AC8A-4E1B-B762-72C3343A8ABD}.Release|Any CPU.ActiveCfg = Release|Any CPU
		{765B07A4-AC8A-4E1B-B762-72C3343A8ABD}.Release|Any CPU.Build.0 = Release|Any CPU
		{705F2325-3869-47A8-A777-CDDFF0C2F26D}.Debug|Any CPU.ActiveCfg = Debug|Any CPU
		{705F2325-3869-47A8-A777-CDDFF0C2F26D}.Debug|Any CPU.Build.0 = Debug|Any CPU
		{705F2325-3869-47A8-A777-CDDFF0C2F26D}.Release|Any CPU.ActiveCfg = Release|Any CPU
		{705F2325-3869-47A8-A777-CDDFF0C2F26D}.Release|Any CPU.Build.0 = Release|Any CPU
		{923861A7-CAC4-4530-ADAB-F1030B78929A}.Debug|Any CPU.ActiveCfg = Debug|Any CPU
		{923861A7-CAC4-4530-ADAB-F1030B78929A}.Debug|Any CPU.Build.0 = Debug|Any CPU
		{923861A7-CAC4-4530-ADAB-F1030B78929A}.Release|Any CPU.ActiveCfg = Release|Any CPU
		{923861A7-CAC4-4530-ADAB-F1030B78929A}.Release|Any CPU.Build.0 = Release|Any CPU
		{4DE39DBE-1CAD-42DC-BEE6-377C0E2FFD3F}.Debug|Any CPU.ActiveCfg = Debug|Any CPU
		{4DE39DBE-1CAD-42DC-BEE6-377C0E2FFD3F}.Debug|Any CPU.Build.0 = Debug|Any CPU
		{4DE39DBE-1CAD-42DC-BEE6-377C0E2FFD3F}.Release|Any CPU.ActiveCfg = Release|Any CPU
		{4DE39DBE-1CAD-42DC-BEE6-377C0E2FFD3F}.Release|Any CPU.Build.0 = Release|Any CPU
		{8F3A3ED7-C833-45AA-9326-13E0FB526141}.Debug|Any CPU.ActiveCfg = Debug|Any CPU
		{8F3A3ED7-C833-45AA-9326-13E0FB526141}.Debug|Any CPU.Build.0 = Debug|Any CPU
		{8F3A3ED7-C833-45AA-9326-13E0FB526141}.Release|Any CPU.ActiveCfg = Release|Any CPU
		{8F3A3ED7-C833-45AA-9326-13E0FB526141}.Release|Any CPU.Build.0 = Release|Any CPU
		{77E7CC18-5C1B-40D5-AD14-7E47109D9534}.Debug|Any CPU.ActiveCfg = Debug|Any CPU
		{77E7CC18-5C1B-40D5-AD14-7E47109D9534}.Debug|Any CPU.Build.0 = Debug|Any CPU
		{77E7CC18-5C1B-40D5-AD14-7E47109D9534}.Release|Any CPU.ActiveCfg = Release|Any CPU
		{77E7CC18-5C1B-40D5-AD14-7E47109D9534}.Release|Any CPU.Build.0 = Release|Any CPU
		{47912737-8865-497A-973F-BD208944848A}.Debug|Any CPU.ActiveCfg = Debug|Any CPU
		{47912737-8865-497A-973F-BD208944848A}.Debug|Any CPU.Build.0 = Debug|Any CPU
		{47912737-8865-497A-973F-BD208944848A}.Release|Any CPU.ActiveCfg = Release|Any CPU
		{47912737-8865-497A-973F-BD208944848A}.Release|Any CPU.Build.0 = Release|Any CPU
	EndGlobalSection
	GlobalSection(SolutionProperties) = preSolution
		HideSolutionNode = FALSE
	EndGlobalSection
	GlobalSection(NestedProjects) = preSolution
		{253C5E59-316C-44C8-A8A1-2BC2BD64ADE5} = {C13EEF69-01D1-413A-9FB7-33F63FA7074E}
		{FBA18BB0-6644-401C-9833-04EEF2917FA9} = {C13EEF69-01D1-413A-9FB7-33F63FA7074E}
		{311C5C3B-2427-4A8E-B623-2BAEB95B1D9E} = {C13EEF69-01D1-413A-9FB7-33F63FA7074E}
		{B23BC1C2-C074-4AAF-BDC2-51DE4F7C7800} = {CD53EB85-A31C-4117-B464-71B2690176CB}
		{0EDE9D32-FA90-4A42-8407-896E67C41CA6} = {CD53EB85-A31C-4117-B464-71B2690176CB}
		{9B7DDE81-DE4B-4443-B007-572C08438C12} = {CD53EB85-A31C-4117-B464-71B2690176CB}
		{E367B9D2-CCE3-4B0A-83BB-A0F8694A59D6} = {CD53EB85-A31C-4117-B464-71B2690176CB}
		{7ACC158F-1AE8-4DF0-B7E3-73BB25473A0B} = {CD53EB85-A31C-4117-B464-71B2690176CB}
		{8CC33971-3145-4B2C-976E-3093126199B3} = {CD53EB85-A31C-4117-B464-71B2690176CB}
		{D59E1280-9CC8-4EC6-BF3E-17E8C5C82612} = {CD53EB85-A31C-4117-B464-71B2690176CB}
		{BC9FDDF7-958C-4CD9-9068-1F721EEC34C3} = {159880EC-F6A0-4CE7-9AB6-876B62470B7A}
		{CCE75BD7-2B6F-4BCF-856A-2447A1BC69A6} = {159880EC-F6A0-4CE7-9AB6-876B62470B7A}
		{80443ED7-DB2E-4C18-B7ED-56BA7B141DBF} = {1024A213-C728-452A-9384-CBF7C51F0B62}
		{E3608A2B-47B2-41C2-894A-A6824F5FF322} = {1024A213-C728-452A-9384-CBF7C51F0B62}
		{D8C72811-C443-4817-BE85-EFB95B02F8FA} = {1024A213-C728-452A-9384-CBF7C51F0B62}
		{914DA540-0767-4A41-98C7-313A48D60A88} = {1024A213-C728-452A-9384-CBF7C51F0B62}
		{AEEE321A-3398-460E-8E8D-5549A3296710} = {CD53EB85-A31C-4117-B464-71B2690176CB}
		{528FB8F9-F516-4523-9F4E-0B33CD128285} = {CD53EB85-A31C-4117-B464-71B2690176CB}
		{F477194A-56A3-40E2-8520-BB5D9810C1EF} = {1024A213-C728-452A-9384-CBF7C51F0B62}
		{F54E6C74-19F1-49ED-8175-372681AF6EFE} = {1024A213-C728-452A-9384-CBF7C51F0B62}
		{B67C94A1-D2B4-40BC-8AC7-0A99490A0898} = {1024A213-C728-452A-9384-CBF7C51F0B62}
		{7B16DA6B-051C-4A6B-BB80-AC117EEFA10B} = {1024A213-C728-452A-9384-CBF7C51F0B62}
		{765B07A4-AC8A-4E1B-B762-72C3343A8ABD} = {1024A213-C728-452A-9384-CBF7C51F0B62}
		{705F2325-3869-47A8-A777-CDDFF0C2F26D} = {1024A213-C728-452A-9384-CBF7C51F0B62}
		{923861A7-CAC4-4530-ADAB-F1030B78929A} = {159880EC-F6A0-4CE7-9AB6-876B62470B7A}
		{4DE39DBE-1CAD-42DC-BEE6-377C0E2FFD3F} = {CD53EB85-A31C-4117-B464-71B2690176CB}
		{8F3A3ED7-C833-45AA-9326-13E0FB526141} = {CD53EB85-A31C-4117-B464-71B2690176CB}
		{77E7CC18-5C1B-40D5-AD14-7E47109D9534} = {CD53EB85-A31C-4117-B464-71B2690176CB}
		{47912737-8865-497A-973F-BD208944848A} = {159880EC-F6A0-4CE7-9AB6-876B62470B7A}
	EndGlobalSection
EndGlobal
